
Microsoft Visual Studio Solution File, Format Version 12.00
# Visual Studio Version 17
VisualStudioVersion = 17.9.34728.123
MinimumVisualStudioVersion = 10.0.40219.1
Project("{FAE04EC0-301F-11D3-BF4B-00C04F79EFBC}") = "APIBookStore", "APIBookStore\APIBookStore.csproj", "{911E3216-528E-4911-9E27-20447E2810C1}"
EndProject
Global
	GlobalSection(SolutionConfigurationPlatforms) = preSolution
		Debug|Any CPU = Debug|Any CPU
		Release|Any CPU = Release|Any CPU
	EndGlobalSection
	GlobalSection(ProjectConfigurationPlatforms) = postSolution
		{911E3216-528E-4911-9E27-20447E2810C1}.Debug|Any CPU.ActiveCfg = Debug|Any CPU
		{911E3216-528E-4911-9E27-20447E2810C1}.Debug|Any CPU.Build.0 = Debug|Any CPU
		{911E3216-528E-4911-9E27-20447E2810C1}.Release|Any CPU.ActiveCfg = Release|Any CPU
		{911E3216-528E-4911-9E27-20447E2810C1}.Release|Any CPU.Build.0 = Release|Any CPU
	EndGlobalSection
	GlobalSection(SolutionProperties) = preSolution
		HideSolutionNode = FALSE
	EndGlobalSection
	GlobalSection(ExtensibilityGlobals) = postSolution
		SolutionGuid = {87210AED-A77B-47DA-8020-7FB61A10CA2C}
	EndGlobalSection
EndGlobal
